// !$*UTF8*$!
{
	archiveVersion = 1;
	classes = {
	};
	objectVersion = 56;
	objects = {

/* Begin PBXBuildFile section */
		C3CFADD92A3461F5002DFF99 /* AppDelegate.swift in Sources */ = {isa = PBXBuildFile; fileRef = C3CFADD82A3461F5002DFF99 /* AppDelegate.swift */; };
		C3CFADDB2A3461F5002DFF99 /* SceneDelegate.swift in Sources */ = {isa = PBXBuildFile; fileRef = C3CFADDA2A3461F5002DFF99 /* SceneDelegate.swift */; };
		C3CFADDD2A3461F5002DFF99 /* ViewController.swift in Sources */ = {isa = PBXBuildFile; fileRef = C3CFADDC2A3461F5002DFF99 /* ViewController.swift */; };
		C3CFADE02A3461F5002DFF99 /* Main.storyboard in Resources */ = {isa = PBXBuildFile; fileRef = C3CFADDE2A3461F5002DFF99 /* Main.storyboard */; };
		C3CFADE22A3461F6002DFF99 /* Assets.xcassets in Resources */ = {isa = PBXBuildFile; fileRef = C3CFADE12A3461F6002DFF99 /* Assets.xcassets */; };
		C3CFADE52A3461F6002DFF99 /* LaunchScreen.storyboard in Resources */ = {isa = PBXBuildFile; fileRef = C3CFADE32A3461F6002DFF99 /* LaunchScreen.storyboard */; };
		C3CFADF02A3461F6002DFF99 /* CaculatorTests.swift in Sources */ = {isa = PBXBuildFile; fileRef = C3CFADEF2A3461F6002DFF99 /* CaculatorTests.swift */; };
		C3CFADFA2A3461F6002DFF99 /* CaculatorUITests.swift in Sources */ = {isa = PBXBuildFile; fileRef = C3CFADF92A3461F6002DFF99 /* CaculatorUITests.swift */; };
		C3CFADFC2A3461F6002DFF99 /* CaculatorUITestsLaunchTests.swift in Sources */ = {isa = PBXBuildFile; fileRef = C3CFADFB2A3461F6002DFF99 /* CaculatorUITestsLaunchTests.swift */; };
/* End PBXBuildFile section */

/* Begin PBXContainerItemProxy section */
		C3CFADEC2A3461F6002DFF99 /* PBXContainerItemProxy */ = {
			isa = PBXContainerItemProxy;
			containerPortal = C3CFADCD2A3461F4002DFF99 /* Project object */;
			proxyType = 1;
			remoteGlobalIDString = C3CFADD42A3461F5002DFF99;
			remoteInfo = Caculator;
		};
		C3CFADF62A3461F6002DFF99 /* PBXContainerItemProxy */ = {
			isa = PBXContainerItemProxy;
			containerPortal = C3CFADCD2A3461F4002DFF99 /* Project object */;
			proxyType = 1;
			remoteGlobalIDString = C3CFADD42A3461F5002DFF99;
			remoteInfo = Caculator;
		};
/* End PBXContainerItemProxy section */

/* Begin PBXFileReference section */
		C3CFADD52A3461F5002DFF99 /* Caculator.app */ = {isa = PBXFileReference; explicitFileType = wrapper.application; includeInIndex = 0; path = Caculator.app; sourceTree = BUILT_PRODUCTS_DIR; };
		C3CFADD82A3461F5002DFF99 /* AppDelegate.swift */ = {isa = PBXFileReference; lastKnownFileType = sourcecode.swift; path = AppDelegate.swift; sourceTree = "<group>"; };
		C3CFADDA2A3461F5002DFF99 /* SceneDelegate.swift */ = {isa = PBXFileReference; lastKnownFileType = sourcecode.swift; path = SceneDelegate.swift; sourceTree = "<group>"; };
		C3CFADDC2A3461F5002DFF99 /* ViewController.swift */ = {isa = PBXFileReference; lastKnownFileType = sourcecode.swift; path = ViewController.swift; sourceTree = "<group>"; };
		C3CFADDF2A3461F5002DFF99 /* Base */ = {isa = PBXFileReference; lastKnownFileType = file.storyboard; name = Base; path = Base.lproj/Main.storyboard; sourceTree = "<group>"; };
		C3CFADE12A3461F6002DFF99 /* Assets.xcassets */ = {isa = PBXFileReference; lastKnownFileType = folder.assetcatalog; path = Assets.xcassets; sourceTree = "<group>"; };
		C3CFADE42A3461F6002DFF99 /* Base */ = {isa = PBXFileReference; lastKnownFileType = file.storyboard; name = Base; path = Base.lproj/LaunchScreen.storyboard; sourceTree = "<group>"; };
		C3CFADE62A3461F6002DFF99 /* Info.plist */ = {isa = PBXFileReference; lastKnownFileType = text.plist.xml; path = Info.plist; sourceTree = "<group>"; };
		C3CFADEB2A3461F6002DFF99 /* CaculatorTests.xctest */ = {isa = PBXFileReference; explicitFileType = wrapper.cfbundle; includeInIndex = 0; path = CaculatorTests.xctest; sourceTree = BUILT_PRODUCTS_DIR; };
		C3CFADEF2A3461F6002DFF99 /* CaculatorTests.swift */ = {isa = PBXFileReference; lastKnownFileType = sourcecode.swift; path = CaculatorTests.swift; sourceTree = "<group>"; };
		C3CFADF52A3461F6002DFF99 /* CaculatorUITests.xctest */ = {isa = PBXFileReference; explicitFileType = wrapper.cfbundle; includeInIndex = 0; path = CaculatorUITests.xctest; sourceTree = BUILT_PRODUCTS_DIR; };
		C3CFADF92A3461F6002DFF99 /* CaculatorUITests.swift */ = {isa = PBXFileReference; lastKnownFileType = sourcecode.swift; path = CaculatorUITests.swift; sourceTree = "<group>"; };
		C3CFADFB2A3461F6002DFF99 /* CaculatorUITestsLaunchTests.swift */ = {isa = PBXFileReference; lastKnownFileType = sourcecode.swift; path = CaculatorUITestsLaunchTests.swift; sourceTree = "<group>"; };
/* End PBXFileReference section */

/* Begin PBXFrameworksBuildPhase section */
		C3CFADD22A3461F5002DFF99 /* Frameworks */ = {
			isa = PBXFrameworksBuildPhase;
			buildActionMask = 2147483647;
			files = (
			);
			runOnlyForDeploymentPostprocessing = 0;
		};
		C3CFADE82A3461F6002DFF99 /* Frameworks */ = {
			isa = PBXFrameworksBuildPhase;
			buildActionMask = 2147483647;
			files = (
			);
			runOnlyForDeploymentPostprocessing = 0;
		};
		C3CFADF22A3461F6002DFF99 /* Frameworks */ = {
			isa = PBXFrameworksBuildPhase;
			buildActionMask = 2147483647;
			files = (
			);
			runOnlyForDeploymentPostprocessing = 0;
		};
/* End PBXFrameworksBuildPhase section */

/* Begin PBXGroup section */
		C3CFADCC2A3461F4002DFF99 = {
			isa = PBXGroup;
			children = (
				C3CFADD72A3461F5002DFF99 /* Caculator */,
				C3CFADEE2A3461F6002DFF99 /* CaculatorTests */,
				C3CFADF82A3461F6002DFF99 /* CaculatorUITests */,
				C3CFADD62A3461F5002DFF99 /* Products */,
			);
			sourceTree = "<group>";
		};
		C3CFADD62A3461F5002DFF99 /* Products */ = {
			isa = PBXGroup;
			children = (
				C3CFADD52A3461F5002DFF99 /* Caculator.app */,
				C3CFADEB2A3461F6002DFF99 /* CaculatorTests.xctest */,
				C3CFADF52A3461F6002DFF99 /* CaculatorUITests.xctest */,
			);
			name = Products;
			sourceTree = "<group>";
		};
		C3CFADD72A3461F5002DFF99 /* Caculator */ = {
			isa = PBXGroup;
			children = (
				C3CFADD82A3461F5002DFF99 /* AppDelegate.swift */,
				C3CFADDA2A3461F5002DFF99 /* SceneDelegate.swift */,
				C3CFADDC2A3461F5002DFF99 /* ViewController.swift */,
				C3CFADDE2A3461F5002DFF99 /* Main.storyboard */,
				C3CFADE12A3461F6002DFF99 /* Assets.xcassets */,
				C3CFADE32A3461F6002DFF99 /* LaunchScreen.storyboard */,
				C3CFADE62A3461F6002DFF99 /* Info.plist */,
			);
			path = Caculator;
			sourceTree = "<group>";
		};
		C3CFADEE2A3461F6002DFF99 /* CaculatorTests */ = {
			isa = PBXGroup;
			children = (
				C3CFADEF2A3461F6002DFF99 /* CaculatorTests.swift */,
			);
			path = CaculatorTests;
			sourceTree = "<group>";
		};
		C3CFADF82A3461F6002DFF99 /* CaculatorUITests */ = {
			isa = PBXGroup;
			children = (
				C3CFADF92A3461F6002DFF99 /* CaculatorUITests.swift */,
				C3CFADFB2A3461F6002DFF99 /* CaculatorUITestsLaunchTests.swift */,
			);
			path = CaculatorUITests;
			sourceTree = "<group>";
		};
/* End PBXGroup section */

/* Begin PBXNativeTarget section */
		C3CFADD42A3461F5002DFF99 /* Caculator */ = {
			isa = PBXNativeTarget;
			buildConfigurationList = C3CFADFF2A3461F6002DFF99 /* Build configuration list for PBXNativeTarget "Caculator" */;
			buildPhases = (
				C3CFADD12A3461F5002DFF99 /* Sources */,
				C3CFADD22A3461F5002DFF99 /* Frameworks */,
				C3CFADD32A3461F5002DFF99 /* Resources */,
			);
			buildRules = (
			);
			dependencies = (
			);
			name = Caculator;
			productName = Caculator;
			productReference = C3CFADD52A3461F5002DFF99 /* Caculator.app */;
			productType = "com.apple.product-type.application";
		};
		C3CFADEA2A3461F6002DFF99 /* CaculatorTests */ = {
			isa = PBXNativeTarget;
			buildConfigurationList = C3CFAE022A3461F6002DFF99 /* Build configuration list for PBXNativeTarget "CaculatorTests" */;
			buildPhases = (
				C3CFADE72A3461F6002DFF99 /* Sources */,
				C3CFADE82A3461F6002DFF99 /* Frameworks */,
				C3CFADE92A3461F6002DFF99 /* Resources */,
			);
			buildRules = (
			);
			dependencies = (
				C3CFADED2A3461F6002DFF99 /* PBXTargetDependency */,
			);
			name = CaculatorTests;
			productName = CaculatorTests;
			productReference = C3CFADEB2A3461F6002DFF99 /* CaculatorTests.xctest */;
			productType = "com.apple.product-type.bundle.unit-test";
		};
		C3CFADF42A3461F6002DFF99 /* CaculatorUITests */ = {
			isa = PBXNativeTarget;
			buildConfigurationList = C3CFAE052A3461F6002DFF99 /* Build configuration list for PBXNativeTarget "CaculatorUITests" */;
			buildPhases = (
				C3CFADF12A3461F6002DFF99 /* Sources */,
				C3CFADF22A3461F6002DFF99 /* Frameworks */,
				C3CFADF32A3461F6002DFF99 /* Resources */,
			);
			buildRules = (
			);
			dependencies = (
				C3CFADF72A3461F6002DFF99 /* PBXTargetDependency */,
			);
			name = CaculatorUITests;
			productName = CaculatorUITests;
			productReference = C3CFADF52A3461F6002DFF99 /* CaculatorUITests.xctest */;
			productType = "com.apple.product-type.bundle.ui-testing";
		};
/* End PBXNativeTarget section */

/* Begin PBXProject section */
		C3CFADCD2A3461F4002DFF99 /* Project object */ = {
			isa = PBXProject;
			attributes = {
				BuildIndependentTargetsInParallel = 1;
				LastSwiftUpdateCheck = 1430;
				LastUpgradeCheck = 1430;
				TargetAttributes = {
					C3CFADD42A3461F5002DFF99 = {
						CreatedOnToolsVersion = 14.3;
					};
					C3CFADEA2A3461F6002DFF99 = {
						CreatedOnToolsVersion = 14.3;
						TestTargetID = C3CFADD42A3461F5002DFF99;
					};
					C3CFADF42A3461F6002DFF99 = {
						CreatedOnToolsVersion = 14.3;
						TestTargetID = C3CFADD42A3461F5002DFF99;
					};
				};
			};
			buildConfigurationList = C3CFADD02A3461F4002DFF99 /* Build configuration list for PBXProject "Caculator" */;
			compatibilityVersion = "Xcode 14.0";
			developmentRegion = en;
			hasScannedForEncodings = 0;
			knownRegions = (
				en,
				Base,
			);
			mainGroup = C3CFADCC2A3461F4002DFF99;
			productRefGroup = C3CFADD62A3461F5002DFF99 /* Products */;
			projectDirPath = "";
			projectRoot = "";
			targets = (
				C3CFADD42A3461F5002DFF99 /* Caculator */,
				C3CFADEA2A3461F6002DFF99 /* CaculatorTests */,
				C3CFADF42A3461F6002DFF99 /* CaculatorUITests */,
			);
		};
/* End PBXProject section */

/* Begin PBXResourcesBuildPhase section */
		C3CFADD32A3461F5002DFF99 /* Resources */ = {
			isa = PBXResourcesBuildPhase;
			buildActionMask = 2147483647;
			files = (
				C3CFADE52A3461F6002DFF99 /* LaunchScreen.storyboard in Resources */,
				C3CFADE22A3461F6002DFF99 /* Assets.xcassets in Resources */,
				C3CFADE02A3461F5002DFF99 /* Main.storyboard in Resources */,
			);
			runOnlyForDeploymentPostprocessing = 0;
		};
		C3CFADE92A3461F6002DFF99 /* Resources */ = {
			isa = PBXResourcesBuildPhase;
			buildActionMask = 2147483647;
			files = (
			);
			runOnlyForDeploymentPostprocessing = 0;
		};
		C3CFADF32A3461F6002DFF99 /* Resources */ = {
			isa = PBXResourcesBuildPhase;
			buildActionMask = 2147483647;
			files = (
			);
			runOnlyForDeploymentPostprocessing = 0;
		};
/* End PBXResourcesBuildPhase section */

/* Begin PBXSourcesBuildPhase section */
		C3CFADD12A3461F5002DFF99 /* Sources */ = {
			isa = PBXSourcesBuildPhase;
			buildActionMask = 2147483647;
			files = (
				C3CFADDD2A3461F5002DFF99 /* ViewController.swift in Sources */,
				C3CFADD92A3461F5002DFF99 /* AppDelegate.swift in Sources */,
				C3CFADDB2A3461F5002DFF99 /* SceneDelegate.swift in Sources */,
			);
			runOnlyForDeploymentPostprocessing = 0;
		};
		C3CFADE72A3461F6002DFF99 /* Sources */ = {
			isa = PBXSourcesBuildPhase;
			buildActionMask = 2147483647;
			files = (
				C3CFADF02A3461F6002DFF99 /* CaculatorTests.swift in Sources */,
			);
			runOnlyForDeploymentPostprocessing = 0;
		};
		C3CFADF12A3461F6002DFF99 /* Sources */ = {
			isa = PBXSourcesBuildPhase;
			buildActionMask = 2147483647;
			files = (
				C3CFADFA2A3461F6002DFF99 /* CaculatorUITests.swift in Sources */,
				C3CFADFC2A3461F6002DFF99 /* CaculatorUITestsLaunchTests.swift in Sources */,
			);
			runOnlyForDeploymentPostprocessing = 0;
		};
/* End PBXSourcesBuildPhase section */

/* Begin PBXTargetDependency section */
		C3CFADED2A3461F6002DFF99 /* PBXTargetDependency */ = {
			isa = PBXTargetDependency;
			target = C3CFADD42A3461F5002DFF99 /* Caculator */;
			targetProxy = C3CFADEC2A3461F6002DFF99 /* PBXContainerItemProxy */;
		};
		C3CFADF72A3461F6002DFF99 /* PBXTargetDependency */ = {
			isa = PBXTargetDependency;
			target = C3CFADD42A3461F5002DFF99 /* Caculator */;
			targetProxy = C3CFADF62A3461F6002DFF99 /* PBXContainerItemProxy */;
		};
/* End PBXTargetDependency section */

/* Begin PBXVariantGroup section */
		C3CFADDE2A3461F5002DFF99 /* Main.storyboard */ = {
			isa = PBXVariantGroup;
			children = (
				C3CFADDF2A3461F5002DFF99 /* Base */,
			);
			name = Main.storyboard;
			sourceTree = "<group>";
		};
		C3CFADE32A3461F6002DFF99 /* LaunchScreen.storyboard */ = {
			isa = PBXVariantGroup;
			children = (
				C3CFADE42A3461F6002DFF99 /* Base */,
			);
			name = LaunchScreen.storyboard;
			sourceTree = "<group>";
		};
/* End PBXVariantGroup section */

/* Begin XCBuildConfiguration section */
		C3CFADFD2A3461F6002DFF99 /* Debug */ = {
			isa = XCBuildConfiguration;
			buildSettings = {
				ALWAYS_SEARCH_USER_PATHS = NO;
				CLANG_ANALYZER_NONNULL = YES;
				CLANG_ANALYZER_NUMBER_OBJECT_CONVERSION = YES_AGGRESSIVE;
				CLANG_CXX_LANGUAGE_STANDARD = "gnu++20";
				CLANG_ENABLE_MODULES = YES;
				CLANG_ENABLE_OBJC_ARC = YES;
				CLANG_ENABLE_OBJC_WEAK = YES;
				CLANG_WARN_BLOCK_CAPTURE_AUTORELEASING = YES;
				CLANG_WARN_BOOL_CONVERSION = YES;
				CLANG_WARN_COMMA = YES;
				CLANG_WARN_CONSTANT_CONVERSION = YES;
				CLANG_WARN_DEPRECATED_OBJC_IMPLEMENTATIONS = YES;
				CLANG_WARN_DIRECT_OBJC_ISA_USAGE = YES_ERROR;
				CLANG_WARN_DOCUMENTATION_COMMENTS = YES;
				CLANG_WARN_EMPTY_BODY = YES;
				CLANG_WARN_ENUM_CONVERSION = YES;
				CLANG_WARN_INFINITE_RECURSION = YES;
				CLANG_WARN_INT_CONVERSION = YES;
				CLANG_WARN_NON_LITERAL_NULL_CONVERSION = YES;
				CLANG_WARN_OBJC_IMPLICIT_RETAIN_SELF = YES;
				CLANG_WARN_OBJC_LITERAL_CONVERSION = YES;
				CLANG_WARN_OBJC_ROOT_CLASS = YES_ERROR;
				CLANG_WARN_QUOTED_INCLUDE_IN_FRAMEWORK_HEADER = YES;
				CLANG_WARN_RANGE_LOOP_ANALYSIS = YES;
				CLANG_WARN_STRICT_PROTOTYPES = YES;
				CLANG_WARN_SUSPICIOUS_MOVE = YES;
				CLANG_WARN_UNGUARDED_AVAILABILITY = YES_AGGRESSIVE;
				CLANG_WARN_UNREACHABLE_CODE = YES;
				CLANG_WARN__DUPLICATE_METHOD_MATCH = YES;
				COPY_PHASE_STRIP = NO;
				DEBUG_INFORMATION_FORMAT = dwarf;
				ENABLE_STRICT_OBJC_MSGSEND = YES;
				ENABLE_TESTABILITY = YES;
				GCC_C_LANGUAGE_STANDARD = gnu11;
				GCC_DYNAMIC_NO_PIC = NO;
				GCC_NO_COMMON_BLOCKS = YES;
				GCC_OPTIMIZATION_LEVEL = 0;
				GCC_PREPROCESSOR_DEFINITIONS = (
					"DEBUG=1",
					"$(inherited)",
				);
				GCC_WARN_64_TO_32_BIT_CONVERSION = YES;
				GCC_WARN_ABOUT_RETURN_TYPE = YES_ERROR;
				GCC_WARN_UNDECLARED_SELECTOR = YES;
				GCC_WARN_UNINITIALIZED_AUTOS = YES_AGGRESSIVE;
				GCC_WARN_UNUSED_FUNCTION = YES;
				GCC_WARN_UNUSED_VARIABLE = YES;
				IPHONEOS_DEPLOYMENT_TARGET = 16.4;
				MTL_ENABLE_DEBUG_INFO = INCLUDE_SOURCE;
				MTL_FAST_MATH = YES;
				ONLY_ACTIVE_ARCH = YES;
				SDKROOT = iphoneos;
				SWIFT_ACTIVE_COMPILATION_CONDITIONS = DEBUG;
				SWIFT_OPTIMIZATION_LEVEL = "-Onone";
			};
			name = Debug;
		};
		C3CFADFE2A3461F6002DFF99 /* Release */ = {
			isa = XCBuildConfiguration;
			buildSettings = {
				ALWAYS_SEARCH_USER_PATHS = NO;
				CLANG_ANALYZER_NONNULL = YES;
				CLANG_ANALYZER_NUMBER_OBJECT_CONVERSION = YES_AGGRESSIVE;
				CLANG_CXX_LANGUAGE_STANDARD = "gnu++20";
				CLANG_ENABLE_MODULES = YES;
				CLANG_ENABLE_OBJC_ARC = YES;
				CLANG_ENABLE_OBJC_WEAK = YES;
				CLANG_WARN_BLOCK_CAPTURE_AUTORELEASING = YES;
				CLANG_WARN_BOOL_CONVERSION = YES;
				CLANG_WARN_COMMA = YES;
				CLANG_WARN_CONSTANT_CONVERSION = YES;
				CLANG_WARN_DEPRECATED_OBJC_IMPLEMENTATIONS = YES;
				CLANG_WARN_DIRECT_OBJC_ISA_USAGE = YES_ERROR;
				CLANG_WARN_DOCUMENTATION_COMMENTS = YES;
				CLANG_WARN_EMPTY_BODY = YES;
				CLANG_WARN_ENUM_CONVERSION = YES;
				CLANG_WARN_INFINITE_RECURSION = YES;
				CLANG_WARN_INT_CONVERSION = YES;
				CLANG_WARN_NON_LITERAL_NULL_CONVERSION = YES;
				CLANG_WARN_OBJC_IMPLICIT_RETAIN_SELF = YES;
				CLANG_WARN_OBJC_LITERAL_CONVERSION = YES;
				CLANG_WARN_OBJC_ROOT_CLASS = YES_ERROR;
				CLANG_WARN_QUOTED_INCLUDE_IN_FRAMEWORK_HEADER = YES;
				CLANG_WARN_RANGE_LOOP_ANALYSIS = YES;
				CLANG_WARN_STRICT_PROTOTYPES = YES;
				CLANG_WARN_SUSPICIOUS_MOVE = YES;
				CLANG_WARN_UNGUARDED_AVAILABILITY = YES_AGGRESSIVE;
				CLANG_WARN_UNREACHABLE_CODE = YES;
				CLANG_WARN__DUPLICATE_METHOD_MATCH = YES;
				COPY_PHASE_STRIP = NO;
				DEBUG_INFORMATION_FORMAT = "dwarf-with-dsym";
				ENABLE_NS_ASSERTIONS = NO;
				ENABLE_STRICT_OBJC_MSGSEND = YES;
				GCC_C_LANGUAGE_STANDARD = gnu11;
				GCC_NO_COMMON_BLOCKS = YES;
				GCC_WARN_64_TO_32_BIT_CONVERSION = YES;
				GCC_WARN_ABOUT_RETURN_TYPE = YES_ERROR;
				GCC_WARN_UNDECLARED_SELECTOR = YES;
				GCC_WARN_UNINITIALIZED_AUTOS = YES_AGGRESSIVE;
				GCC_WARN_UNUSED_FUNCTION = YES;
				GCC_WARN_UNUSED_VARIABLE = YES;
				IPHONEOS_DEPLOYMENT_TARGET = 16.4;
				MTL_ENABLE_DEBUG_INFO = NO;
				MTL_FAST_MATH = YES;
				SDKROOT = iphoneos;
				SWIFT_COMPILATION_MODE = wholemodule;
				SWIFT_OPTIMIZATION_LEVEL = "-O";
				VALIDATE_PRODUCT = YES;
			};
			name = Release;
		};
		C3CFAE002A3461F6002DFF99 /* Debug */ = {
			isa = XCBuildConfiguration;
			buildSettings = {
				ASSETCATALOG_COMPILER_APPICON_NAME = AppIcon;
				ASSETCATALOG_COMPILER_GLOBAL_ACCENT_COLOR_NAME = AccentColor;
				CODE_SIGN_STYLE = Automatic;
				CURRENT_PROJECT_VERSION = 1;
				GENERATE_INFOPLIST_FILE = YES;
				INFOPLIST_FILE = Caculator/Info.plist;
				INFOPLIST_KEY_UIApplicationSupportsIndirectInputEvents = YES;
				INFOPLIST_KEY_UILaunchStoryboardName = LaunchScreen;
				INFOPLIST_KEY_UIMainStoryboardFile = Main;
				INFOPLIST_KEY_UISupportedInterfaceOrientations_iPad = "UIInterfaceOrientationPortrait UIInterfaceOrientationPortraitUpsideDown UIInterfaceOrientationLandscapeLeft UIInterfaceOrientationLandscapeRight";
				INFOPLIST_KEY_UISupportedInterfaceOrientations_iPhone = "UIInterfaceOrientationPortrait UIInterfaceOrientationLandscapeLeft UIInterfaceOrientationLandscapeRight";
				LD_RUNPATH_SEARCH_PATHS = (
					"$(inherited)",
					"@executable_path/Frameworks",
				);
				MARKETING_VERSION = 1.0;
				PRODUCT_BUNDLE_IDENTIFIER = tin.learn.Caculator;
				PRODUCT_NAME = "$(TARGET_NAME)";
				SWIFT_EMIT_LOC_STRINGS = YES;
				SWIFT_VERSION = 5.0;
				TARGETED_DEVICE_FAMILY = "1,2";
			};
			name = Debug;
		};
		C3CFAE012A3461F6002DFF99 /* Release */ = {
			isa = XCBuildConfiguration;
			buildSettings = {
				ASSETCATALOG_COMPILER_APPICON_NAME = AppIcon;
				ASSETCATALOG_COMPILER_GLOBAL_ACCENT_COLOR_NAME = AccentColor;
				CODE_SIGN_STYLE = Automatic;
				CURRENT_PROJECT_VERSION = 1;
				GENERATE_INFOPLIST_FILE = YES;
				INFOPLIST_FILE = Caculator/Info.plist;
				INFOPLIST_KEY_UIApplicationSupportsIndirectInputEvents = YES;
				INFOPLIST_KEY_UILaunchStoryboardName = LaunchScreen;
				INFOPLIST_KEY_UIMainStoryboardFile = Main;
				INFOPLIST_KEY_UISupportedInterfaceOrientations_iPad = "UIInterfaceOrientationPortrait UIInterfaceOrientationPortraitUpsideDown UIInterfaceOrientationLandscapeLeft UIInterfaceOrientationLandscapeRight";
				INFOPLIST_KEY_UISupportedInterfaceOrientations_iPhone = "UIInterfaceOrientationPortrait UIInterfaceOrientationLandscapeLeft UIInterfaceOrientationLandscapeRight";
				LD_RUNPATH_SEARCH_PATHS = (
					"$(inherited)",
					"@executable_path/Frameworks",
				);
				MARKETING_VERSION = 1.0;
				PRODUCT_BUNDLE_IDENTIFIER = tin.learn.Caculator;
				PRODUCT_NAME = "$(TARGET_NAME)";
				SWIFT_EMIT_LOC_STRINGS = YES;
				SWIFT_VERSION = 5.0;
				TARGETED_DEVICE_FAMILY = "1,2";
			};
			name = Release;
		};
		C3CFAE032A3461F6002DFF99 /* Debug */ = {
			isa = XCBuildConfiguration;
			buildSettings = {
				ALWAYS_EMBED_SWIFT_STANDARD_LIBRARIES = YES;
				BUNDLE_LOADER = "$(TEST_HOST)";
				CODE_SIGN_STYLE = Automatic;
				CURRENT_PROJECT_VERSION = 1;
				GENERATE_INFOPLIST_FILE = YES;
				IPHONEOS_DEPLOYMENT_TARGET = 16.4;
				MARKETING_VERSION = 1.0;
				PRODUCT_BUNDLE_IDENTIFIER = tin.learn.CaculatorTests;
				PRODUCT_NAME = "$(TARGET_NAME)";
				SWIFT_EMIT_LOC_STRINGS = NO;
				SWIFT_VERSION = 5.0;
				TARGETED_DEVICE_FAMILY = "1,2";
				TEST_HOST = "$(BUILT_PRODUCTS_DIR)/Caculator.app/$(BUNDLE_EXECUTABLE_FOLDER_PATH)/Caculator";
			};
			name = Debug;
		};
		C3CFAE042A3461F6002DFF99 /* Release */ = {
			isa = XCBuildConfiguration;
			buildSettings = {
				ALWAYS_EMBED_SWIFT_STANDARD_LIBRARIES = YES;
				BUNDLE_LOADER = "$(TEST_HOST)";
				CODE_SIGN_STYLE = Automatic;
				CURRENT_PROJECT_VERSION = 1;
				GENERATE_INFOPLIST_FILE = YES;
				IPHONEOS_DEPLOYMENT_TARGET = 16.4;
				MARKETING_VERSION = 1.0;
				PRODUCT_BUNDLE_IDENTIFIER = tin.learn.CaculatorTests;
				PRODUCT_NAME = "$(TARGET_NAME)";
				SWIFT_EMIT_LOC_STRINGS = NO;
				SWIFT_VERSION = 5.0;
				TARGETED_DEVICE_FAMILY = "1,2";
				TEST_HOST = "$(BUILT_PRODUCTS_DIR)/Caculator.app/$(BUNDLE_EXECUTABLE_FOLDER_PATH)/Caculator";
			};
			name = Release;
		};
		C3CFAE062A3461F6002DFF99 /* Debug */ = {
			isa = XCBuildConfiguration;
			buildSettings = {
				ALWAYS_EMBED_SWIFT_STANDARD_LIBRARIES = YES;
				CODE_SIGN_STYLE = Automatic;
				CURRENT_PROJECT_VERSION = 1;
				GENERATE_INFOPLIST_FILE = YES;
				MARKETING_VERSION = 1.0;
				PRODUCT_BUNDLE_IDENTIFIER = tin.learn.CaculatorUITests;
				PRODUCT_NAME = "$(TARGET_NAME)";
				SWIFT_EMIT_LOC_STRINGS = NO;
				SWIFT_VERSION = 5.0;
				TARGETED_DEVICE_FAMILY = "1,2";
				TEST_TARGET_NAME = Caculator;
			};
			name = Debug;
		};
		C3CFAE072A3461F6002DFF99 /* Release */ = {
			isa = XCBuildConfiguration;
			buildSettings = {
				ALWAYS_EMBED_SWIFT_STANDARD_LIBRARIES = YES;
				CODE_SIGN_STYLE = Automatic;
				CURRENT_PROJECT_VERSION = 1;
				GENERATE_INFOPLIST_FILE = YES;
				MARKETING_VERSION = 1.0;
				PRODUCT_BUNDLE_IDENTIFIER = tin.learn.CaculatorUITests;
				PRODUCT_NAME = "$(TARGET_NAME)";
				SWIFT_EMIT_LOC_STRINGS = NO;
				SWIFT_VERSION = 5.0;
				TARGETED_DEVICE_FAMILY = "1,2";
				TEST_TARGET_NAME = Caculator;
			};
			name = Release;
		};
/* End XCBuildConfiguration section */

/* Begin XCConfigurationList section */
		C3CFADD02A3461F4002DFF99 /* Build configuration list for PBXProject "Caculator" */ = {
			isa = XCConfigurationList;
			buildConfigurations = (
				C3CFADFD2A3461F6002DFF99 /* Debug */,
				C3CFADFE2A3461F6002DFF99 /* Release */,
			);
			defaultConfigurationIsVisible = 0;
			defaultConfigurationName = Release;
		};
		C3CFADFF2A3461F6002DFF99 /* Build configuration list for PBXNativeTarget "Caculator" */ = {
			isa = XCConfigurationList;
			buildConfigurations = (
				C3CFAE002A3461F6002DFF99 /* Debug */,
				C3CFAE012A3461F6002DFF99 /* Release */,
			);
			defaultConfigurationIsVisible = 0;
			defaultConfigurationName = Release;
		};
		C3CFAE022A3461F6002DFF99 /* Build configuration list for PBXNativeTarget "CaculatorTests" */ = {
			isa = XCConfigurationList;
			buildConfigurations = (
				C3CFAE032A3461F6002DFF99 /* Debug */,
				C3CFAE042A3461F6002DFF99 /* Release */,
			);
			defaultConfigurationIsVisible = 0;
			defaultConfigurationName = Release;
		};
		C3CFAE052A3461F6002DFF99 /* Build configuration list for PBXNativeTarget "CaculatorUITests" */ = {
			isa = XCConfigurationList;
			buildConfigurations = (
				C3CFAE062A3461F6002DFF99 /* Debug */,
				C3CFAE072A3461F6002DFF99 /* Release */,
			);
			defaultConfigurationIsVisible = 0;
			defaultConfigurationName = Release;
		};
/* End XCConfigurationList section */
	};
	rootObject = C3CFADCD2A3461F4002DFF99 /* Project object */;
}
